
Microsoft Visual Studio Solution File, Format Version 12.00
# Visual Studio Version 17
VisualStudioVersion = 17.5.002.0
MinimumVisualStudioVersion = 10.0.40219.1
Project("{9A19103F-16F7-4668-BE54-9A1E7A4F7556}") = "SoundInTheory.Piranha.ContentExtensions.Areas", "SoundInTheory.Piranha.ContentExtensions.Areas\SoundInTheory.Piranha.ContentExtensions.Areas.csproj", "{500EED5B-565C-47E9-B633-5207A2522F21}"
EndProject
Project("{9A19103F-16F7-4668-BE54-9A1E7A4F7556}") = "SoundInTheory.Piranha.ContentExtensions.Singletons", "SoundInTheory.Piranha.ContentExtensions.Singletons\SoundInTheory.Piranha.ContentExtensions.Singletons.csproj", "{D2BE736B-EDA6-4B9C-96A0-5261164F0AC0}"
EndProject
Global
	GlobalSection(SolutionConfigurationPlatforms) = preSolution
		Debug|Any CPU = Debug|Any CPU
		Release|Any CPU = Release|Any CPU
	EndGlobalSection
	GlobalSection(ProjectConfigurationPlatforms) = postSolution
		{500EED5B-565C-47E9-B633-5207A2522F21}.Debug|Any CPU.ActiveCfg = Debug|Any CPU
		{500EED5B-565C-47E9-B633-5207A2522F21}.Debug|Any CPU.Build.0 = Debug|Any CPU
		{500EED5B-565C-47E9-B633-5207A2522F21}.Release|Any CPU.ActiveCfg = Release|Any CPU
		{500EED5B-565C-47E9-B633-5207A2522F21}.Release|Any CPU.Build.0 = Release|Any CPU
		{D2BE736B-EDA6-4B9C-96A0-5261164F0AC0}.Debug|Any CPU.ActiveCfg = Debug|Any CPU
		{D2BE736B-EDA6-4B9C-96A0-5261164F0AC0}.Debug|Any CPU.Build.0 = Debug|Any CPU
		{D2BE736B-EDA6-4B9C-96A0-5261164F0AC0}.Release|Any CPU.ActiveCfg = Release|Any CPU
		{D2BE736B-EDA6-4B9C-96A0-5261164F0AC0}.Release|Any CPU.Build.0 = Release|Any CPU
	EndGlobalSection
	GlobalSection(SolutionProperties) = preSolution
		HideSolutionNode = FALSE
	EndGlobalSection
	GlobalSection(ExtensibilityGlobals) = postSolution
		SolutionGuid = {AE58A690-6118-4559-830B-CD194F14690F}
	EndGlobalSection
EndGlobal
